
Microsoft Visual Studio Solution File, Format Version 12.00
# Visual Studio 15
VisualStudioVersion = 15.0.27703.2047
MinimumVisualStudioVersion = 10.0.40219.1
Project("{FAE04EC0-301F-11D3-BF4B-00C04F79EFBC}") = "Authentication", "Authentication\Authentication.csproj", "{31C51F19-A383-4484-A618-DF6872D8F519}"
EndProject
Project("{FAE04EC0-301F-11D3-BF4B-00C04F79EFBC}") = "Authentication.Tests", "Authentication.Tests\Authentication.Tests.csproj", "{24824B32-28DB-46FA-BADD-97390EA5E705}"
EndProject
Global
	GlobalSection(SolutionConfigurationPlatforms) = preSolution
		Debug|Any CPU = Debug|Any CPU
		Release|Any CPU = Release|Any CPU
	EndGlobalSection
	GlobalSection(ProjectConfigurationPlatforms) = postSolution
		{31C51F19-A383-4484-A618-DF6872D8F519}.Debug|Any CPU.ActiveCfg = Debug|Any CPU
		{31C51F19-A383-4484-A618-DF6872D8F519}.Debug|Any CPU.Build.0 = Debug|Any CPU
		{31C51F19-A383-4484-A618-DF6872D8F519}.Release|Any CPU.ActiveCfg = Release|Any CPU
		{31C51F19-A383-4484-A618-DF6872D8F519}.Release|Any CPU.Build.0 = Release|Any CPU
		{24824B32-28DB-46FA-BADD-97390EA5E705}.Debug|Any CPU.ActiveCfg = Debug|Any CPU
		{24824B32-28DB-46FA-BADD-97390EA5E705}.Debug|Any CPU.Build.0 = Debug|Any CPU
		{24824B32-28DB-46FA-BADD-97390EA5E705}.Release|Any CPU.ActiveCfg = Release|Any CPU
		{24824B32-28DB-46FA-BADD-97390EA5E705}.Release|Any CPU.Build.0 = Release|Any CPU
	EndGlobalSection
	GlobalSection(SolutionProperties) = preSolution
		HideSolutionNode = FALSE
	EndGlobalSection
	GlobalSection(ExtensibilityGlobals) = postSolution
		SolutionGuid = {1A7603FB-3CAB-42C8-8E38-AD6BD0362D0C}
	EndGlobalSection
EndGlobal
