
Microsoft Visual Studio Solution File, Format Version 12.00
# Visual Studio 15
VisualStudioVersion = 15.0.28307.902
MinimumVisualStudioVersion = 10.0.40219.1
Project("{FAE04EC0-301F-11D3-BF4B-00C04F79EFBC}") = "OrossAPI", "OrossAPI\OrossAPI.csproj", "{F5E13D7B-D4EB-42F4-8201-1AB37E7B0FDB}"
EndProject
Project("{FAE04EC0-301F-11D3-BF4B-00C04F79EFBC}") = "OrossAPI.Tests", "OrossAPI.Tests\OrossAPI.Tests.csproj", "{F51FBA1D-17DF-4849-BA12-609C3863477B}"
EndProject
Project("{FAE04EC0-301F-11D3-BF4B-00C04F79EFBC}") = "Core", "Core\Core.csproj", "{45F49E73-95C4-4B7D-B767-BF88A1C966C2}"
EndProject
Project("{FAE04EC0-301F-11D3-BF4B-00C04F79EFBC}") = "Infrastructure", "Infrastructure\Infrastructure.csproj", "{D670503E-DEC4-4E15-9F5B-8223CDCBFE06}"
EndProject
Global
	GlobalSection(SolutionConfigurationPlatforms) = preSolution
		Debug|Any CPU = Debug|Any CPU
		Release|Any CPU = Release|Any CPU
	EndGlobalSection
	GlobalSection(ProjectConfigurationPlatforms) = postSolution
		{F5E13D7B-D4EB-42F4-8201-1AB37E7B0FDB}.Debug|Any CPU.ActiveCfg = Debug|Any CPU
		{F5E13D7B-D4EB-42F4-8201-1AB37E7B0FDB}.Debug|Any CPU.Build.0 = Debug|Any CPU
		{F5E13D7B-D4EB-42F4-8201-1AB37E7B0FDB}.Release|Any CPU.ActiveCfg = Release|Any CPU
		{F5E13D7B-D4EB-42F4-8201-1AB37E7B0FDB}.Release|Any CPU.Build.0 = Release|Any CPU
		{F51FBA1D-17DF-4849-BA12-609C3863477B}.Debug|Any CPU.ActiveCfg = Debug|Any CPU
		{F51FBA1D-17DF-4849-BA12-609C3863477B}.Debug|Any CPU.Build.0 = Debug|Any CPU
		{F51FBA1D-17DF-4849-BA12-609C3863477B}.Release|Any CPU.ActiveCfg = Release|Any CPU
		{F51FBA1D-17DF-4849-BA12-609C3863477B}.Release|Any CPU.Build.0 = Release|Any CPU
		{45F49E73-95C4-4B7D-B767-BF88A1C966C2}.Debug|Any CPU.ActiveCfg = Debug|Any CPU
		{45F49E73-95C4-4B7D-B767-BF88A1C966C2}.Debug|Any CPU.Build.0 = Debug|Any CPU
		{45F49E73-95C4-4B7D-B767-BF88A1C966C2}.Release|Any CPU.ActiveCfg = Release|Any CPU
		{45F49E73-95C4-4B7D-B767-BF88A1C966C2}.Release|Any CPU.Build.0 = Release|Any CPU
		{D670503E-DEC4-4E15-9F5B-8223CDCBFE06}.Debug|Any CPU.ActiveCfg = Debug|Any CPU
		{D670503E-DEC4-4E15-9F5B-8223CDCBFE06}.Debug|Any CPU.Build.0 = Debug|Any CPU
		{D670503E-DEC4-4E15-9F5B-8223CDCBFE06}.Release|Any CPU.ActiveCfg = Release|Any CPU
		{D670503E-DEC4-4E15-9F5B-8223CDCBFE06}.Release|Any CPU.Build.0 = Release|Any CPU
	EndGlobalSection
	GlobalSection(SolutionProperties) = preSolution
		HideSolutionNode = FALSE
	EndGlobalSection
	GlobalSection(ExtensibilityGlobals) = postSolution
		SolutionGuid = {E5FD7D21-EABC-4EE7-8CB6-BCBA9D70DE1D}
	EndGlobalSection
EndGlobal
